Microsoft Visual Studio Solution File, Format Version 12.00
# Visual Studio Version 17
VisualStudioVersion = 17.5.2.0
MinimumVisualStudioVersion = 10.0.40219.1
Project("{FAE04EC0-301F-11D3-BF4B-00C04F79EFBC}") = "LotteryBitcoinMiner", "LotteryBitcoinMiner.csproj", "{1FF70A6A-D9CC-206C-9B8C-6C908CFC8B1C}"
EndProject
Global
	GlobalSection(SolutionConfigurationPlatforms) = preSolution
		Debug|Any CPU = Debug|Any CPU
		Release|Any CPU = Release|Any CPU
	EndGlobalSection
	GlobalSection(ProjectConfigurationPlatforms) = postSolution
		{1FF70A6A-D9CC-206C-9B8C-6C908CFC8B1C}.Debug|Any CPU.ActiveCfg = Debug|Any CPU
		{1FF70A6A-D9CC-206C-9B8C-6C908CFC8B1C}.Debug|Any CPU.Build.0 = Debug|Any CPU
		{1FF70A6A-D9CC-206C-9B8C-6C908CFC8B1C}.Release|Any CPU.ActiveCfg = Release|Any CPU
		{1FF70A6A-D9CC-206C-9B8C-6C908CFC8B1C}.Release|Any CPU.Build.0 = Release|Any CPU
	EndGlobalSection
	GlobalSection(SolutionProperties) = preSolution
		HideSolutionNode = FALSE
	EndGlobalSection
	GlobalSection(ExtensibilityGlobals) = postSolution
		SolutionGuid = {FC3879EA-7B6D-4157-8A35-F89401E917A8}
	EndGlobalSection
EndGlobal
